
Microsoft Visual Studio Solution File, Format Version 12.00
# Visual Studio Version 17
VisualStudioVersion = 17.11.35431.28
MinimumVisualStudioVersion = 10.0.40219.1
Project("{FAE04EC0-301F-11D3-BF4B-00C04F79EFBC}") = "Entrypoint", "Entrypoint\Entrypoint.csproj", "{87A3DC62-F7F2-423A-B123-01C5FFDCEED2}"
EndProject
Global
	GlobalSection(SolutionConfigurationPlatforms) = preSolution
		Debug|Any CPU = Debug|Any CPU
		Release|Any CPU = Release|Any CPU
	EndGlobalSection
	GlobalSection(ProjectConfigurationPlatforms) = postSolution
		{87A3DC62-F7F2-423A-B123-01C5FFDCEED2}.Debug|Any CPU.ActiveCfg = Debug|Any CPU
		{87A3DC62-F7F2-423A-B123-01C5FFDCEED2}.Debug|Any CPU.Build.0 = Debug|Any CPU
		{87A3DC62-F7F2-423A-B123-01C5FFDCEED2}.Release|Any CPU.ActiveCfg = Release|Any CPU
		{87A3DC62-F7F2-423A-B123-01C5FFDCEED2}.Release|Any CPU.Build.0 = Release|Any CPU
	EndGlobalSection
	GlobalSection(SolutionProperties) = preSolution
		HideSolutionNode = FALSE
	EndGlobalSection
	GlobalSection(ExtensibilityGlobals) = postSolution
		SolutionGuid = {1A7DF3C0-9BBF-4C39-B38D-3E378BCFB760}
	EndGlobalSection
EndGlobal
